<?xml version="1.0" encoding="utf-8"?>
<Project ToolsVersion="4.0" xmlns="http://schemas.microsoft.com/developer/msbuild/2003">
  <ItemGroup>
    <ClCompile Include="GameServer.cpp" />
    <ClCompile Include="stdafx.cpp">
      <Filter>Header</Filter>
    </ClCompile>
    <ClCompile Include="CFramework.cpp" />
  </ItemGroup>
  <ItemGroup>
    <ClInclude Include="CFramework.h" />
    <ClInclude Include="GameServer.h" />
    <ClInclude Include="targetver.h">
      <Filter>Header</Filter>
    </ClInclude>
    <ClInclude Include="stdafx.h">
      <Filter>Header</Filter>
    </ClInclude>
    <ClInclude Include="..\..\protocol.h">
      <Filter>Header</Filter>
    </ClInclude>
    <ClInclude Include="resource.h" />
  </ItemGroup>
  <ItemGroup>
    <Filter Include="Header">
      <UniqueIdentifier>{684ccfc0-234b-4b6b-8695-bcef77528e7c}</UniqueIdentifier>
    </Filter>
  </ItemGroup>
  <ItemGroup>
    <ResourceCompile Include="GameServer.rc" />
  </ItemGroup>
</Project>