<?xml version="1.0" encoding="utf-8"?>
<Project ToolsVersion="4.0" xmlns="http://schemas.microsoft.com/developer/msbuild/2003">
  <ItemGroup>
    <ClCompile Include="GameClient.cpp" />
    <ClCompile Include="stdafx.cpp">
      <Filter>Header</Filter>
    </ClCompile>
  </ItemGroup>
  <ItemGroup>
    <ClInclude Include="GameClient.h" />
    <ClInclude Include="targetver.h">
      <Filter>Header</Filter>
    </ClInclude>
    <ClInclude Include="stdafx.h">
      <Filter>Header</Filter>
    </ClInclude>
    <ClInclude Include="Resource.h">
      <Filter>Header</Filter>
    </ClInclude>
    <ClInclude Include="..\..\protocol.h">
      <Filter>Header</Filter>
    </ClInclude>
  </ItemGroup>
  <ItemGroup>
    <ResourceCompile Include="GameClient.rc" />
  </ItemGroup>
  <ItemGroup>
    <Image Include="GameClient.ico" />
    <Image Include="small.ico" />
  </ItemGroup>
  <ItemGroup>
    <Filter Include="Header">
      <UniqueIdentifier>{8a367d20-99c7-41e8-9b72-d84a7c4d75ac}</UniqueIdentifier>
    </Filter>
  </ItemGroup>
</Project>